
Microsoft Visual Studio Solution File, Format Version 12.00
# Visual Studio Version 17
VisualStudioVersion = 17.8.34330.188
MinimumVisualStudioVersion = 10.0.40219.1
Project("{9A19103F-16F7-4668-BE54-9A1E7A4F7556}") = "FormulaOne.API", "FormulaOne.API\FormulaOne.API.csproj", "{44CCCE19-E5C6-4FBD-ABDC-CE3D61DB0AD0}"
EndProject
Project("{9A19103F-16F7-4668-BE54-9A1E7A4F7556}") = "FormulaOne.Entities", "FormulaOne.Entities\FormulaOne.Entities.csproj", "{23A7B8E6-4E50-4C83-BDAE-62C244E84C65}"
EndProject
Project("{9A19103F-16F7-4668-BE54-9A1E7A4F7556}") = "FormulaOne.DataService", "FormulaOne.DataService\FormulaOne.DataService.csproj", "{A05E9991-FF2F-4747-B51B-2C2F6AD2D724}"
EndProject
Project("{2150E333-8FDC-42A3-9474-1A3956D46DE8}") = "Infrastructure", "Infrastructure", "{F5880811-F96E-46DE-A689-537BBB24D025}"
	ProjectSection(SolutionItems) = preProject
		docker-compose.yml = docker-compose.yml
	EndProjectSection
EndProject
Project("{9A19103F-16F7-4668-BE54-9A1E7A4F7556}") = "FormulaOne.Services", "FormulaOne.Services\FormulaOne.Services.csproj", "{82D20DAF-DC9B-4D0B-B404-9C5F30FE58CE}"
EndProject
Project("{FAE04EC0-301F-11D3-BF4B-00C04F79EFBC}") = "FIA.API", "FIA.API\FIA.API.csproj", "{1EF85BAB-8DD3-4EC0-87F0-1D3657FD6C33}"
EndProject
Global
	GlobalSection(SolutionConfigurationPlatforms) = preSolution
		Debug|Any CPU = Debug|Any CPU
		Release|Any CPU = Release|Any CPU
	EndGlobalSection
	GlobalSection(ProjectConfigurationPlatforms) = postSolution
		{44CCCE19-E5C6-4FBD-ABDC-CE3D61DB0AD0}.Debug|Any CPU.ActiveCfg = Debug|Any CPU
		{44CCCE19-E5C6-4FBD-ABDC-CE3D61DB0AD0}.Debug|Any CPU.Build.0 = Debug|Any CPU
		{44CCCE19-E5C6-4FBD-ABDC-CE3D61DB0AD0}.Release|Any CPU.ActiveCfg = Release|Any CPU
		{44CCCE19-E5C6-4FBD-ABDC-CE3D61DB0AD0}.Release|Any CPU.Build.0 = Release|Any CPU
		{23A7B8E6-4E50-4C83-BDAE-62C244E84C65}.Debug|Any CPU.ActiveCfg = Debug|Any CPU
		{23A7B8E6-4E50-4C83-BDAE-62C244E84C65}.Debug|Any CPU.Build.0 = Debug|Any CPU
		{23A7B8E6-4E50-4C83-BDAE-62C244E84C65}.Release|Any CPU.ActiveCfg = Release|Any CPU
		{23A7B8E6-4E50-4C83-BDAE-62C244E84C65}.Release|Any CPU.Build.0 = Release|Any CPU
		{A05E9991-FF2F-4747-B51B-2C2F6AD2D724}.Debug|Any CPU.ActiveCfg = Debug|Any CPU
		{A05E9991-FF2F-4747-B51B-2C2F6AD2D724}.Debug|Any CPU.Build.0 = Debug|Any CPU
		{A05E9991-FF2F-4747-B51B-2C2F6AD2D724}.Release|Any CPU.ActiveCfg = Release|Any CPU
		{A05E9991-FF2F-4747-B51B-2C2F6AD2D724}.Release|Any CPU.Build.0 = Release|Any CPU
		{82D20DAF-DC9B-4D0B-B404-9C5F30FE58CE}.Debug|Any CPU.ActiveCfg = Debug|Any CPU
		{82D20DAF-DC9B-4D0B-B404-9C5F30FE58CE}.Debug|Any CPU.Build.0 = Debug|Any CPU
		{82D20DAF-DC9B-4D0B-B404-9C5F30FE58CE}.Release|Any CPU.ActiveCfg = Release|Any CPU
		{82D20DAF-DC9B-4D0B-B404-9C5F30FE58CE}.Release|Any CPU.Build.0 = Release|Any CPU
		{1EF85BAB-8DD3-4EC0-87F0-1D3657FD6C33}.Debug|Any CPU.ActiveCfg = Debug|Any CPU
		{1EF85BAB-8DD3-4EC0-87F0-1D3657FD6C33}.Debug|Any CPU.Build.0 = Debug|Any CPU
		{1EF85BAB-8DD3-4EC0-87F0-1D3657FD6C33}.Release|Any CPU.ActiveCfg = Release|Any CPU
		{1EF85BAB-8DD3-4EC0-87F0-1D3657FD6C33}.Release|Any CPU.Build.0 = Release|Any CPU
	EndGlobalSection
	GlobalSection(SolutionProperties) = preSolution
		HideSolutionNode = FALSE
	EndGlobalSection
	GlobalSection(ExtensibilityGlobals) = postSolution
		SolutionGuid = {D88B1491-0F4F-45AC-BB5B-738A6A8028DE}
	EndGlobalSection
EndGlobal
